{
  "pins" : [
    {
      "identity" : "primisplayer-ios",
      "kind" : "remoteSourceControl",
      "location" : "https://github.com/PrimisTech/PrimisPlayer-ios.git",
      "state" : {
        "branch" : "main",
        "revision" : "e434084dfd559061be2014a39f325f16666b53f2"
      }
    }
  ],
  "version" : 2
}
