{
  "pins" : [
    {
      "identity" : "primisplayer-ios",
      "kind" : "remoteSourceControl",
      "location" : "https://github.com/PrimisTech/PrimisPlayer-ios.git",
      "state" : {
        "branch" : "main",
        "revision" : "f8971a5b876b7388a3ea30a349ad7f0c1022db02"
      }
    }
  ],
  "version" : 2
}
