{
  "pins" : [
    {
      "identity" : "primisplayer-ios",
      "kind" : "remoteSourceControl",
      "location" : "https://github.com/PrimisTech/PrimisPlayer-ios.git",
      "state" : {
        "branch" : "main",
        "revision" : "1ab764d2b3eeb2ad3f0f278a1fc7d0df53b8e19a"
      }
    }
  ],
  "version" : 2
}
