// !$*UTF8*$!
{
	archiveVersion = 1;
	classes = {
	};
	objectVersion = 55;
	objects = {

/* Begin PBXBuildFile section */
		212C115729EE866C00D6F975 /* PlayerCollectionViewCell.swift in Sources */ = {isa = PBXBuildFile; fileRef = 212C115629EE866C00D6F975 /* PlayerCollectionViewCell.swift */; };
		21370BCB29D45F6A00716F69 /* AppDelegate.swift in Sources */ = {isa = PBXBuildFile; fileRef = 21370BCA29D45F6A00716F69 /* AppDelegate.swift */; };
		21370BCD29D45F6A00716F69 /* SceneDelegate.swift in Sources */ = {isa = PBXBuildFile; fileRef = 21370BCC29D45F6A00716F69 /* SceneDelegate.swift */; };
		21370BD229D45F6A00716F69 /* Main.storyboard in Resources */ = {isa = PBXBuildFile; fileRef = 21370BD029D45F6A00716F69 /* Main.storyboard */; };
		21370BD429D45F6D00716F69 /* Assets.xcassets in Resources */ = {isa = PBXBuildFile; fileRef = 21370BD329D45F6D00716F69 /* Assets.xcassets */; };
		21370BD729D45F6D00716F69 /* LaunchScreen.storyboard in Resources */ = {isa = PBXBuildFile; fileRef = 21370BD529D45F6D00716F69 /* LaunchScreen.storyboard */; };
		21370BE629D47CCF00716F69 /* TableViewSampleViewController.swift in Sources */ = {isa = PBXBuildFile; fileRef = 21370BDE29D47CCE00716F69 /* TableViewSampleViewController.swift */; };
		21370BE729D47CCF00716F69 /* ScrollViewSampleViewController.swift in Sources */ = {isa = PBXBuildFile; fileRef = 21370BDF29D47CCE00716F69 /* ScrollViewSampleViewController.swift */; };
		21370BE829D47CCF00716F69 /* PlayerTableViewCell.swift in Sources */ = {isa = PBXBuildFile; fileRef = 21370BE029D47CCE00716F69 /* PlayerTableViewCell.swift */; };
		21370BE929D47CCF00716F69 /* WebViewPageExample.html in Resources */ = {isa = PBXBuildFile; fileRef = 21370BE129D47CCE00716F69 /* WebViewPageExample.html */; };
		21370BEC29D47CCF00716F69 /* WebViewSampleViewController.swift in Sources */ = {isa = PBXBuildFile; fileRef = 21370BE429D47CCF00716F69 /* WebViewSampleViewController.swift */; };
		21370BED29D47CCF00716F69 /* MainScreenViewController.swift in Sources */ = {isa = PBXBuildFile; fileRef = 21370BE529D47CCF00716F69 /* MainScreenViewController.swift */; };
		21EB002D29EC465A00B4F516 /* PrimisPlayer in Frameworks */ = {isa = PBXBuildFile; productRef = 21EB002C29EC465A00B4F516 /* PrimisPlayer */; };
		21EB002F29ED6BF500B4F516 /* CollectionViewSampleViewController.swift in Sources */ = {isa = PBXBuildFile; fileRef = 21EB002E29ED6BF500B4F516 /* CollectionViewSampleViewController.swift */; };
/* End PBXBuildFile section */

/* Begin PBXFileReference section */
		212C115629EE866C00D6F975 /* PlayerCollectionViewCell.swift */ = {isa = PBXFileReference; lastKnownFileType = sourcecode.swift; path = PlayerCollectionViewCell.swift; sourceTree = "<group>"; };
		21370BC729D45F6A00716F69 /* iosSampleApplication.app */ = {isa = PBXFileReference; explicitFileType = wrapper.application; includeInIndex = 0; path = iosSampleApplication.app; sourceTree = BUILT_PRODUCTS_DIR; };
		21370BCA29D45F6A00716F69 /* AppDelegate.swift */ = {isa = PBXFileReference; lastKnownFileType = sourcecode.swift; path = AppDelegate.swift; sourceTree = "<group>"; };
		21370BCC29D45F6A00716F69 /* SceneDelegate.swift */ = {isa = PBXFileReference; lastKnownFileType = sourcecode.swift; path = SceneDelegate.swift; sourceTree = "<group>"; };
		21370BD129D45F6A00716F69 /* Base */ = {isa = PBXFileReference; lastKnownFileType = file.storyboard; name = Base; path = Base.lproj/Main.storyboard; sourceTree = "<group>"; };
		21370BD329D45F6D00716F69 /* Assets.xcassets */ = {isa = PBXFileReference; lastKnownFileType = folder.assetcatalog; path = Assets.xcassets; sourceTree = "<group>"; };
		21370BD629D45F6D00716F69 /* Base */ = {isa = PBXFileReference; lastKnownFileType = file.storyboard; name = Base; path = Base.lproj/LaunchScreen.storyboard; sourceTree = "<group>"; };
		21370BD829D45F6D00716F69 /* Info.plist */ = {isa = PBXFileReference; lastKnownFileType = text.plist.xml; path = Info.plist; sourceTree = "<group>"; };
		21370BDE29D47CCE00716F69 /* TableViewSampleViewController.swift */ = {isa = PBXFileReference; fileEncoding = 4; lastKnownFileType = sourcecode.swift; path = TableViewSampleViewController.swift; sourceTree = "<group>"; };
		21370BDF29D47CCE00716F69 /* ScrollViewSampleViewController.swift */ = {isa = PBXFileReference; fileEncoding = 4; lastKnownFileType = sourcecode.swift; path = ScrollViewSampleViewController.swift; sourceTree = "<group>"; };
		21370BE029D47CCE00716F69 /* PlayerTableViewCell.swift */ = {isa = PBXFileReference; fileEncoding = 4; lastKnownFileType = sourcecode.swift; path = PlayerTableViewCell.swift; sourceTree = "<group>"; };
		21370BE129D47CCE00716F69 /* WebViewPageExample.html */ = {isa = PBXFileReference; fileEncoding = 4; lastKnownFileType = text.html; path = WebViewPageExample.html; sourceTree = "<group>"; };
		21370BE429D47CCF00716F69 /* WebViewSampleViewController.swift */ = {isa = PBXFileReference; fileEncoding = 4; lastKnownFileType = sourcecode.swift; path = WebViewSampleViewController.swift; sourceTree = "<group>"; };
		21370BE529D47CCF00716F69 /* MainScreenViewController.swift */ = {isa = PBXFileReference; fileEncoding = 4; lastKnownFileType = sourcecode.swift; path = MainScreenViewController.swift; sourceTree = "<group>"; };
		21EB002E29ED6BF500B4F516 /* CollectionViewSampleViewController.swift */ = {isa = PBXFileReference; lastKnownFileType = sourcecode.swift; path = CollectionViewSampleViewController.swift; sourceTree = "<group>"; };
/* End PBXFileReference section */

/* Begin PBXFrameworksBuildPhase section */
		21370BC429D45F6A00716F69 /* Frameworks */ = {
			isa = PBXFrameworksBuildPhase;
			buildActionMask = 2147483647;
			files = (
				21EB002D29EC465A00B4F516 /* PrimisPlayer in Frameworks */,
			);
			runOnlyForDeploymentPostprocessing = 0;
		};
/* End PBXFrameworksBuildPhase section */

/* Begin PBXGroup section */
		21370BBE29D45F6A00716F69 = {
			isa = PBXGroup;
			children = (
				21370BC929D45F6A00716F69 /* iosSampleApplication */,
				21370BC829D45F6A00716F69 /* Products */,
			);
			sourceTree = "<group>";
		};
		21370BC829D45F6A00716F69 /* Products */ = {
			isa = PBXGroup;
			children = (
				21370BC729D45F6A00716F69 /* iosSampleApplication.app */,
			);
			name = Products;
			sourceTree = "<group>";
		};
		21370BC929D45F6A00716F69 /* iosSampleApplication */ = {
			isa = PBXGroup;
			children = (
				21370BE529D47CCF00716F69 /* MainScreenViewController.swift */,
				21370BDF29D47CCE00716F69 /* ScrollViewSampleViewController.swift */,
				21370BDE29D47CCE00716F69 /* TableViewSampleViewController.swift */,
				21370BE029D47CCE00716F69 /* PlayerTableViewCell.swift */,
				21EB002E29ED6BF500B4F516 /* CollectionViewSampleViewController.swift */,
				212C115629EE866C00D6F975 /* PlayerCollectionViewCell.swift */,
				21370BE429D47CCF00716F69 /* WebViewSampleViewController.swift */,
				21370BE129D47CCE00716F69 /* WebViewPageExample.html */,
				21370BCA29D45F6A00716F69 /* AppDelegate.swift */,
				21370BCC29D45F6A00716F69 /* SceneDelegate.swift */,
				21370BD029D45F6A00716F69 /* Main.storyboard */,
				21370BD329D45F6D00716F69 /* Assets.xcassets */,
				21370BD529D45F6D00716F69 /* LaunchScreen.storyboard */,
				21370BD829D45F6D00716F69 /* Info.plist */,
			);
			path = iosSampleApplication;
			sourceTree = "<group>";
		};
/* End PBXGroup section */

/* Begin PBXNativeTarget section */
		21370BC629D45F6A00716F69 /* iosSampleApplication */ = {
			isa = PBXNativeTarget;
			buildConfigurationList = 21370BDB29D45F6D00716F69 /* Build configuration list for PBXNativeTarget "iosSampleApplication" */;
			buildPhases = (
				21370BC329D45F6A00716F69 /* Sources */,
				21370BC429D45F6A00716F69 /* Frameworks */,
				21370BC529D45F6A00716F69 /* Resources */,
			);
			buildRules = (
			);
			dependencies = (
			);
			name = iosSampleApplication;
			packageProductDependencies = (
				21EB002C29EC465A00B4F516 /* PrimisPlayer */,
			);
			productName = iosSampleApplication;
			productReference = 21370BC729D45F6A00716F69 /* iosSampleApplication.app */;
			productType = "com.apple.product-type.application";
		};
/* End PBXNativeTarget section */

/* Begin PBXProject section */
		21370BBF29D45F6A00716F69 /* Project object */ = {
			isa = PBXProject;
			attributes = {
				BuildIndependentTargetsInParallel = 1;
				LastSwiftUpdateCheck = 1330;
				LastUpgradeCheck = 1330;
				TargetAttributes = {
					21370BC629D45F6A00716F69 = {
						CreatedOnToolsVersion = 13.3.1;
					};
				};
			};
			buildConfigurationList = 21370BC229D45F6A00716F69 /* Build configuration list for PBXProject "iosSampleApplication" */;
			compatibilityVersion = "Xcode 13.0";
			developmentRegion = en;
			hasScannedForEncodings = 0;
			knownRegions = (
				en,
				Base,
			);
			mainGroup = 21370BBE29D45F6A00716F69;
			packageReferences = (
				21EB002B29EC465A00B4F516 /* XCRemoteSwiftPackageReference "PrimisPlayer-ios" */,
			);
			productRefGroup = 21370BC829D45F6A00716F69 /* Products */;
			projectDirPath = "";
			projectRoot = "";
			targets = (
				21370BC629D45F6A00716F69 /* iosSampleApplication */,
			);
		};
/* End PBXProject section */

/* Begin PBXResourcesBuildPhase section */
		21370BC529D45F6A00716F69 /* Resources */ = {
			isa = PBXResourcesBuildPhase;
			buildActionMask = 2147483647;
			files = (
				21370BE929D47CCF00716F69 /* WebViewPageExample.html in Resources */,
				21370BD729D45F6D00716F69 /* LaunchScreen.storyboard in Resources */,
				21370BD429D45F6D00716F69 /* Assets.xcassets in Resources */,
				21370BD229D45F6A00716F69 /* Main.storyboard in Resources */,
			);
			runOnlyForDeploymentPostprocessing = 0;
		};
/* End PBXResourcesBuildPhase section */

/* Begin PBXSourcesBuildPhase section */
		21370BC329D45F6A00716F69 /* Sources */ = {
			isa = PBXSourcesBuildPhase;
			buildActionMask = 2147483647;
			files = (
				21370BE829D47CCF00716F69 /* PlayerTableViewCell.swift in Sources */,
				21EB002F29ED6BF500B4F516 /* CollectionViewSampleViewController.swift in Sources */,
				212C115729EE866C00D6F975 /* PlayerCollectionViewCell.swift in Sources */,
				21370BCB29D45F6A00716F69 /* AppDelegate.swift in Sources */,
				21370BE729D47CCF00716F69 /* ScrollViewSampleViewController.swift in Sources */,
				21370BED29D47CCF00716F69 /* MainScreenViewController.swift in Sources */,
				21370BE629D47CCF00716F69 /* TableViewSampleViewController.swift in Sources */,
				21370BEC29D47CCF00716F69 /* WebViewSampleViewController.swift in Sources */,
				21370BCD29D45F6A00716F69 /* SceneDelegate.swift in Sources */,
			);
			runOnlyForDeploymentPostprocessing = 0;
		};
/* End PBXSourcesBuildPhase section */

/* Begin PBXVariantGroup section */
		21370BD029D45F6A00716F69 /* Main.storyboard */ = {
			isa = PBXVariantGroup;
			children = (
				21370BD129D45F6A00716F69 /* Base */,
			);
			name = Main.storyboard;
			sourceTree = "<group>";
		};
		21370BD529D45F6D00716F69 /* LaunchScreen.storyboard */ = {
			isa = PBXVariantGroup;
			children = (
				21370BD629D45F6D00716F69 /* Base */,
			);
			name = LaunchScreen.storyboard;
			sourceTree = "<group>";
		};
/* End PBXVariantGroup section */

/* Begin XCBuildConfiguration section */
		21370BD929D45F6D00716F69 /* Debug */ = {
			isa = XCBuildConfiguration;
			buildSettings = {
				ALWAYS_SEARCH_USER_PATHS = NO;
				CLANG_ANALYZER_NONNULL = YES;
				CLANG_ANALYZER_NUMBER_OBJECT_CONVERSION = YES_AGGRESSIVE;
				CLANG_CXX_LANGUAGE_STANDARD = "gnu++17";
				CLANG_ENABLE_MODULES = YES;
				CLANG_ENABLE_OBJC_ARC = YES;
				CLANG_ENABLE_OBJC_WEAK = YES;
				CLANG_WARN_BLOCK_CAPTURE_AUTORELEASING = YES;
				CLANG_WARN_BOOL_CONVERSION = YES;
				CLANG_WARN_COMMA = YES;
				CLANG_WARN_CONSTANT_CONVERSION = YES;
				CLANG_WARN_DEPRECATED_OBJC_IMPLEMENTATIONS = YES;
				CLANG_WARN_DIRECT_OBJC_ISA_USAGE = YES_ERROR;
				CLANG_WARN_DOCUMENTATION_COMMENTS = YES;
				CLANG_WARN_EMPTY_BODY = YES;
				CLANG_WARN_ENUM_CONVERSION = YES;
				CLANG_WARN_INFINITE_RECURSION = YES;
				CLANG_WARN_INT_CONVERSION = YES;
				CLANG_WARN_NON_LITERAL_NULL_CONVERSION = YES;
				CLANG_WARN_OBJC_IMPLICIT_RETAIN_SELF = YES;
				CLANG_WARN_OBJC_LITERAL_CONVERSION = YES;
				CLANG_WARN_OBJC_ROOT_CLASS = YES_ERROR;
				CLANG_WARN_QUOTED_INCLUDE_IN_FRAMEWORK_HEADER = YES;
				CLANG_WARN_RANGE_LOOP_ANALYSIS = YES;
				CLANG_WARN_STRICT_PROTOTYPES = YES;
				CLANG_WARN_SUSPICIOUS_MOVE = YES;
				CLANG_WARN_UNGUARDED_AVAILABILITY = YES_AGGRESSIVE;
				CLANG_WARN_UNREACHABLE_CODE = YES;
				CLANG_WARN__DUPLICATE_METHOD_MATCH = YES;
				COPY_PHASE_STRIP = NO;
				DEBUG_INFORMATION_FORMAT = dwarf;
				ENABLE_STRICT_OBJC_MSGSEND = YES;
				ENABLE_TESTABILITY = YES;
				GCC_C_LANGUAGE_STANDARD = gnu11;
				GCC_DYNAMIC_NO_PIC = NO;
				GCC_NO_COMMON_BLOCKS = YES;
				GCC_OPTIMIZATION_LEVEL = 0;
				GCC_PREPROCESSOR_DEFINITIONS = (
					"DEBUG=1",
					"$(inherited)",
				);
				GCC_WARN_64_TO_32_BIT_CONVERSION = YES;
				GCC_WARN_ABOUT_RETURN_TYPE = YES_ERROR;
				GCC_WARN_UNDECLARED_SELECTOR = YES;
				GCC_WARN_UNINITIALIZED_AUTOS = YES_AGGRESSIVE;
				GCC_WARN_UNUSED_FUNCTION = YES;
				GCC_WARN_UNUSED_VARIABLE = YES;
				IPHONEOS_DEPLOYMENT_TARGET = 13.0;
				MTL_ENABLE_DEBUG_INFO = INCLUDE_SOURCE;
				MTL_FAST_MATH = YES;
				ONLY_ACTIVE_ARCH = YES;
				SDKROOT = iphoneos;
				SWIFT_ACTIVE_COMPILATION_CONDITIONS = DEBUG;
				SWIFT_OPTIMIZATION_LEVEL = "-Onone";
			};
			name = Debug;
		};
		21370BDA29D45F6D00716F69 /* Release */ = {
			isa = XCBuildConfiguration;
			buildSettings = {
				ALWAYS_SEARCH_USER_PATHS = NO;
				CLANG_ANALYZER_NONNULL = YES;
				CLANG_ANALYZER_NUMBER_OBJECT_CONVERSION = YES_AGGRESSIVE;
				CLANG_CXX_LANGUAGE_STANDARD = "gnu++17";
				CLANG_ENABLE_MODULES = YES;
				CLANG_ENABLE_OBJC_ARC = YES;
				CLANG_ENABLE_OBJC_WEAK = YES;
				CLANG_WARN_BLOCK_CAPTURE_AUTORELEASING = YES;
				CLANG_WARN_BOOL_CONVERSION = YES;
				CLANG_WARN_COMMA = YES;
				CLANG_WARN_CONSTANT_CONVERSION = YES;
				CLANG_WARN_DEPRECATED_OBJC_IMPLEMENTATIONS = YES;
				CLANG_WARN_DIRECT_OBJC_ISA_USAGE = YES_ERROR;
				CLANG_WARN_DOCUMENTATION_COMMENTS = YES;
				CLANG_WARN_EMPTY_BODY = YES;
				CLANG_WARN_ENUM_CONVERSION = YES;
				CLANG_WARN_INFINITE_RECURSION = YES;
				CLANG_WARN_INT_CONVERSION = YES;
				CLANG_WARN_NON_LITERAL_NULL_CONVERSION = YES;
				CLANG_WARN_OBJC_IMPLICIT_RETAIN_SELF = YES;
				CLANG_WARN_OBJC_LITERAL_CONVERSION = YES;
				CLANG_WARN_OBJC_ROOT_CLASS = YES_ERROR;
				CLANG_WARN_QUOTED_INCLUDE_IN_FRAMEWORK_HEADER = YES;
				CLANG_WARN_RANGE_LOOP_ANALYSIS = YES;
				CLANG_WARN_STRICT_PROTOTYPES = YES;
				CLANG_WARN_SUSPICIOUS_MOVE = YES;
				CLANG_WARN_UNGUARDED_AVAILABILITY = YES_AGGRESSIVE;
				CLANG_WARN_UNREACHABLE_CODE = YES;
				CLANG_WARN__DUPLICATE_METHOD_MATCH = YES;
				COPY_PHASE_STRIP = NO;
				DEBUG_INFORMATION_FORMAT = "dwarf-with-dsym";
				ENABLE_NS_ASSERTIONS = NO;
				ENABLE_STRICT_OBJC_MSGSEND = YES;
				GCC_C_LANGUAGE_STANDARD = gnu11;
				GCC_NO_COMMON_BLOCKS = YES;
				GCC_WARN_64_TO_32_BIT_CONVERSION = YES;
				GCC_WARN_ABOUT_RETURN_TYPE = YES_ERROR;
				GCC_WARN_UNDECLARED_SELECTOR = YES;
				GCC_WARN_UNINITIALIZED_AUTOS = YES_AGGRESSIVE;
				GCC_WARN_UNUSED_FUNCTION = YES;
				GCC_WARN_UNUSED_VARIABLE = YES;
				IPHONEOS_DEPLOYMENT_TARGET = 13.0;
				MTL_ENABLE_DEBUG_INFO = NO;
				MTL_FAST_MATH = YES;
				SDKROOT = iphoneos;
				SWIFT_COMPILATION_MODE = wholemodule;
				SWIFT_OPTIMIZATION_LEVEL = "-O";
				VALIDATE_PRODUCT = YES;
			};
			name = Release;
		};
		21370BDC29D45F6D00716F69 /* Debug */ = {
			isa = XCBuildConfiguration;
			buildSettings = {
				ASSETCATALOG_COMPILER_APPICON_NAME = AppIcon;
				ASSETCATALOG_COMPILER_GLOBAL_ACCENT_COLOR_NAME = AccentColor;
				CODE_SIGN_STYLE = Automatic;
				CURRENT_PROJECT_VERSION = 1;
				DEVELOPMENT_TEAM = MU2NMX2794;
				GENERATE_INFOPLIST_FILE = YES;
				INFOPLIST_FILE = iosSampleApplication/Info.plist;
				INFOPLIST_KEY_UIApplicationSupportsIndirectInputEvents = YES;
				INFOPLIST_KEY_UILaunchStoryboardName = LaunchScreen;
				INFOPLIST_KEY_UIMainStoryboardFile = Main;
				INFOPLIST_KEY_UISupportedInterfaceOrientations = UIInterfaceOrientationPortrait;
				INFOPLIST_KEY_UISupportedInterfaceOrientations_iPad = "UIInterfaceOrientationPortrait UIInterfaceOrientationPortraitUpsideDown UIInterfaceOrientationLandscapeLeft UIInterfaceOrientationLandscapeRight";
				INFOPLIST_KEY_UISupportedInterfaceOrientations_iPhone = UIInterfaceOrientationPortrait;
				LD_RUNPATH_SEARCH_PATHS = (
					"$(inherited)",
					"@executable_path/Frameworks",
				);
				MARKETING_VERSION = 1.0;
				PRODUCT_BUNDLE_IDENTIFIER = tech.primis.ios.sample;
				PRODUCT_NAME = "$(TARGET_NAME)";
				SWIFT_EMIT_LOC_STRINGS = YES;
				SWIFT_VERSION = 5.0;
				TARGETED_DEVICE_FAMILY = 1;
			};
			name = Debug;
		};
		21370BDD29D45F6D00716F69 /* Release */ = {
			isa = XCBuildConfiguration;
			buildSettings = {
				ASSETCATALOG_COMPILER_APPICON_NAME = AppIcon;
				ASSETCATALOG_COMPILER_GLOBAL_ACCENT_COLOR_NAME = AccentColor;
				CODE_SIGN_STYLE = Automatic;
				CURRENT_PROJECT_VERSION = 1;
				DEVELOPMENT_TEAM = MU2NMX2794;
				GENERATE_INFOPLIST_FILE = YES;
				INFOPLIST_FILE = iosSampleApplication/Info.plist;
				INFOPLIST_KEY_UIApplicationSupportsIndirectInputEvents = YES;
				INFOPLIST_KEY_UILaunchStoryboardName = LaunchScreen;
				INFOPLIST_KEY_UIMainStoryboardFile = Main;
				INFOPLIST_KEY_UISupportedInterfaceOrientations = UIInterfaceOrientationPortrait;
				INFOPLIST_KEY_UISupportedInterfaceOrientations_iPad = "UIInterfaceOrientationPortrait UIInterfaceOrientationPortraitUpsideDown UIInterfaceOrientationLandscapeLeft UIInterfaceOrientationLandscapeRight";
				INFOPLIST_KEY_UISupportedInterfaceOrientations_iPhone = UIInterfaceOrientationPortrait;
				LD_RUNPATH_SEARCH_PATHS = (
					"$(inherited)",
					"@executable_path/Frameworks",
				);
				MARKETING_VERSION = 1.0;
				PRODUCT_BUNDLE_IDENTIFIER = tech.primis.ios.sample;
				PRODUCT_NAME = "$(TARGET_NAME)";
				SWIFT_EMIT_LOC_STRINGS = YES;
				SWIFT_VERSION = 5.0;
				TARGETED_DEVICE_FAMILY = 1;
			};
			name = Release;
		};
/* End XCBuildConfiguration section */

/* Begin XCConfigurationList section */
		21370BC229D45F6A00716F69 /* Build configuration list for PBXProject "iosSampleApplication" */ = {
			isa = XCConfigurationList;
			buildConfigurations = (
				21370BD929D45F6D00716F69 /* Debug */,
				21370BDA29D45F6D00716F69 /* Release */,
			);
			defaultConfigurationIsVisible = 0;
			defaultConfigurationName = Release;
		};
		21370BDB29D45F6D00716F69 /* Build configuration list for PBXNativeTarget "iosSampleApplication" */ = {
			isa = XCConfigurationList;
			buildConfigurations = (
				21370BDC29D45F6D00716F69 /* Debug */,
				21370BDD29D45F6D00716F69 /* Release */,
			);
			defaultConfigurationIsVisible = 0;
			defaultConfigurationName = Release;
		};
/* End XCConfigurationList section */

/* Begin XCRemoteSwiftPackageReference section */
		21EB002B29EC465A00B4F516 /* XCRemoteSwiftPackageReference "PrimisPlayer-ios" */ = {
			isa = XCRemoteSwiftPackageReference;
			repositoryURL = "https://github.com/PrimisTech/PrimisPlayer-ios.git";
			requirement = {
				branch = main;
				kind = branch;
			};
		};
/* End XCRemoteSwiftPackageReference section */

/* Begin XCSwiftPackageProductDependency section */
		21EB002C29EC465A00B4F516 /* PrimisPlayer */ = {
			isa = XCSwiftPackageProductDependency;
			package = 21EB002B29EC465A00B4F516 /* XCRemoteSwiftPackageReference "PrimisPlayer-ios" */;
			productName = PrimisPlayer;
		};
/* End XCSwiftPackageProductDependency section */
	};
	rootObject = 21370BBF29D45F6A00716F69 /* Project object */;
}
