// !$*UTF8*$!
{
	archiveVersion = 1;
	classes = {
	};
	objectVersion = 56;
	objects = {

/* Begin PBXBuildFile section */
		D5A52A5E29C1E5A200865532 /* AppDelegate.swift in Sources */ = {isa = PBXBuildFile; fileRef = D5A52A5D29C1E5A200865532 /* AppDelegate.swift */; };
		D5A52A6029C1E5A200865532 /* SceneDelegate.swift in Sources */ = {isa = PBXBuildFile; fileRef = D5A52A5F29C1E5A200865532 /* SceneDelegate.swift */; };
		D5A52A6529C1E5A200865532 /* Main.storyboard in Resources */ = {isa = PBXBuildFile; fileRef = D5A52A6329C1E5A200865532 /* Main.storyboard */; };
		D5A52A6729C1E5A300865532 /* Assets.xcassets in Resources */ = {isa = PBXBuildFile; fileRef = D5A52A6629C1E5A300865532 /* Assets.xcassets */; };
		D5A52A6A29C1E5A300865532 /* LaunchScreen.storyboard in Resources */ = {isa = PBXBuildFile; fileRef = D5A52A6829C1E5A300865532 /* LaunchScreen.storyboard */; };
		D5A52A7629C1E61600865532 /* PrimisPlayer in Frameworks */ = {isa = PBXBuildFile; productRef = D5A52A7529C1E61600865532 /* PrimisPlayer */; };
		D5A52A7729C1E6B700865532 /* GoogleInteractiveMediaAds.xcframework in Frameworks */ = {isa = PBXBuildFile; fileRef = D5A52A7229C1E5C400865532 /* GoogleInteractiveMediaAds.xcframework */; };
		D5A52A7829C1E6B700865532 /* GoogleInteractiveMediaAds.xcframework in Embed Frameworks */ = {isa = PBXBuildFile; fileRef = D5A52A7229C1E5C400865532 /* GoogleInteractiveMediaAds.xcframework */; settings = {ATTRIBUTES = (CodeSignOnCopy, RemoveHeadersOnCopy, ); }; };
		D5A52A7D29C312FD00865532 /* ScrollViewSampleViewController.swift in Sources */ = {isa = PBXBuildFile; fileRef = D5A52A7C29C312FD00865532 /* ScrollViewSampleViewController.swift */; };
		D5A52A7F29C315D900865532 /* TableViewSampleViewController.swift in Sources */ = {isa = PBXBuildFile; fileRef = D5A52A7E29C315D900865532 /* TableViewSampleViewController.swift */; };
		D5A52A8129C3166200865532 /* PlayerTableViewCell.swift in Sources */ = {isa = PBXBuildFile; fileRef = D5A52A8029C3166200865532 /* PlayerTableViewCell.swift */; };
		D5A52A8329C344E100865532 /* WebViewSampleViewController.swift in Sources */ = {isa = PBXBuildFile; fileRef = D5A52A8229C344E100865532 /* WebViewSampleViewController.swift */; };
		D5A52A8B29C35CA900865532 /* WebViewPageExample.html in Resources */ = {isa = PBXBuildFile; fileRef = D5A52A8A29C35CA900865532 /* WebViewPageExample.html */; };
		D5A52A8F29C864C500865532 /* MainScreenViewController.swift in Sources */ = {isa = PBXBuildFile; fileRef = D5A52A8E29C864C500865532 /* MainScreenViewController.swift */; };
/* End PBXBuildFile section */

/* Begin PBXCopyFilesBuildPhase section */
		D5A52A7929C1E6B700865532 /* Embed Frameworks */ = {
			isa = PBXCopyFilesBuildPhase;
			buildActionMask = 2147483647;
			dstPath = "";
			dstSubfolderSpec = 10;
			files = (
				D5A52A7829C1E6B700865532 /* GoogleInteractiveMediaAds.xcframework in Embed Frameworks */,
			);
			name = "Embed Frameworks";
			runOnlyForDeploymentPostprocessing = 0;
		};
/* End PBXCopyFilesBuildPhase section */

/* Begin PBXFileReference section */
		D5A52A5A29C1E5A200865532 /* iosSampleApplication.app */ = {isa = PBXFileReference; explicitFileType = wrapper.application; includeInIndex = 0; path = iosSampleApplication.app; sourceTree = BUILT_PRODUCTS_DIR; };
		D5A52A5D29C1E5A200865532 /* AppDelegate.swift */ = {isa = PBXFileReference; lastKnownFileType = sourcecode.swift; path = AppDelegate.swift; sourceTree = "<group>"; };
		D5A52A5F29C1E5A200865532 /* SceneDelegate.swift */ = {isa = PBXFileReference; lastKnownFileType = sourcecode.swift; path = SceneDelegate.swift; sourceTree = "<group>"; };
		D5A52A6429C1E5A200865532 /* Base */ = {isa = PBXFileReference; lastKnownFileType = file.storyboard; name = Base; path = Base.lproj/Main.storyboard; sourceTree = "<group>"; };
		D5A52A6629C1E5A300865532 /* Assets.xcassets */ = {isa = PBXFileReference; lastKnownFileType = folder.assetcatalog; path = Assets.xcassets; sourceTree = "<group>"; };
		D5A52A6929C1E5A300865532 /* Base */ = {isa = PBXFileReference; lastKnownFileType = file.storyboard; name = Base; path = Base.lproj/LaunchScreen.storyboard; sourceTree = "<group>"; };
		D5A52A6B29C1E5A300865532 /* Info.plist */ = {isa = PBXFileReference; lastKnownFileType = text.plist.xml; path = Info.plist; sourceTree = "<group>"; };
		D5A52A7229C1E5C400865532 /* GoogleInteractiveMediaAds.xcframework */ = {isa = PBXFileReference; lastKnownFileType = wrapper.xcframework; name = GoogleInteractiveMediaAds.xcframework; path = ../../../Downloads/GoogleInteractiveMediaAds.xcframework; sourceTree = "<group>"; };
		D5A52A7C29C312FD00865532 /* ScrollViewSampleViewController.swift */ = {isa = PBXFileReference; lastKnownFileType = sourcecode.swift; path = ScrollViewSampleViewController.swift; sourceTree = "<group>"; };
		D5A52A7E29C315D900865532 /* TableViewSampleViewController.swift */ = {isa = PBXFileReference; lastKnownFileType = sourcecode.swift; path = TableViewSampleViewController.swift; sourceTree = "<group>"; };
		D5A52A8029C3166200865532 /* PlayerTableViewCell.swift */ = {isa = PBXFileReference; lastKnownFileType = sourcecode.swift; path = PlayerTableViewCell.swift; sourceTree = "<group>"; };
		D5A52A8229C344E100865532 /* WebViewSampleViewController.swift */ = {isa = PBXFileReference; lastKnownFileType = sourcecode.swift; path = WebViewSampleViewController.swift; sourceTree = "<group>"; };
		D5A52A8A29C35CA900865532 /* WebViewPageExample.html */ = {isa = PBXFileReference; fileEncoding = 4; lastKnownFileType = text.html; path = WebViewPageExample.html; sourceTree = "<group>"; };
		D5A52A8E29C864C500865532 /* MainScreenViewController.swift */ = {isa = PBXFileReference; lastKnownFileType = sourcecode.swift; path = MainScreenViewController.swift; sourceTree = "<group>"; };
/* End PBXFileReference section */

/* Begin PBXFrameworksBuildPhase section */
		D5A52A5729C1E5A200865532 /* Frameworks */ = {
			isa = PBXFrameworksBuildPhase;
			buildActionMask = 2147483647;
			files = (
				D5A52A7629C1E61600865532 /* PrimisPlayer in Frameworks */,
				D5A52A7729C1E6B700865532 /* GoogleInteractiveMediaAds.xcframework in Frameworks */,
			);
			runOnlyForDeploymentPostprocessing = 0;
		};
/* End PBXFrameworksBuildPhase section */

/* Begin PBXGroup section */
		D5A52A5129C1E5A200865532 = {
			isa = PBXGroup;
			children = (
				D5A52A5C29C1E5A200865532 /* iosSampleApplication */,
				D5A52A5B29C1E5A200865532 /* Products */,
				D5A52A7129C1E5C400865532 /* Frameworks */,
			);
			sourceTree = "<group>";
		};
		D5A52A5B29C1E5A200865532 /* Products */ = {
			isa = PBXGroup;
			children = (
				D5A52A5A29C1E5A200865532 /* iosSampleApplication.app */,
			);
			name = Products;
			sourceTree = "<group>";
		};
		D5A52A5C29C1E5A200865532 /* iosSampleApplication */ = {
			isa = PBXGroup;
			children = (
				D5A52A5D29C1E5A200865532 /* AppDelegate.swift */,
				D5A52A5F29C1E5A200865532 /* SceneDelegate.swift */,
				D5A52A6329C1E5A200865532 /* Main.storyboard */,
				D5A52A6629C1E5A300865532 /* Assets.xcassets */,
				D5A52A6829C1E5A300865532 /* LaunchScreen.storyboard */,
				D5A52A6B29C1E5A300865532 /* Info.plist */,
				D5A52A8A29C35CA900865532 /* WebViewPageExample.html */,
				D5A52A7C29C312FD00865532 /* ScrollViewSampleViewController.swift */,
				D5A52A7E29C315D900865532 /* TableViewSampleViewController.swift */,
				D5A52A8029C3166200865532 /* PlayerTableViewCell.swift */,
				D5A52A8229C344E100865532 /* WebViewSampleViewController.swift */,
				D5A52A8E29C864C500865532 /* MainScreenViewController.swift */,
			);
			path = iosSampleApplication;
			sourceTree = "<group>";
		};
		D5A52A7129C1E5C400865532 /* Frameworks */ = {
			isa = PBXGroup;
			children = (
				D5A52A7229C1E5C400865532 /* GoogleInteractiveMediaAds.xcframework */,
			);
			name = Frameworks;
			sourceTree = "<group>";
		};
/* End PBXGroup section */

/* Begin PBXNativeTarget section */
		D5A52A5929C1E5A200865532 /* iosSampleApplication */ = {
			isa = PBXNativeTarget;
			buildConfigurationList = D5A52A6E29C1E5A300865532 /* Build configuration list for PBXNativeTarget "iosSampleApplication" */;
			buildPhases = (
				D5A52A5629C1E5A200865532 /* Sources */,
				D5A52A5729C1E5A200865532 /* Frameworks */,
				D5A52A5829C1E5A200865532 /* Resources */,
				D5A52A7929C1E6B700865532 /* Embed Frameworks */,
			);
			buildRules = (
			);
			dependencies = (
			);
			name = iosSampleApplication;
			packageProductDependencies = (
				D5A52A7529C1E61600865532 /* PrimisPlayer */,
			);
			productName = iosSampleApplication;
			productReference = D5A52A5A29C1E5A200865532 /* iosSampleApplication.app */;
			productType = "com.apple.product-type.application";
		};
/* End PBXNativeTarget section */

/* Begin PBXProject section */
		D5A52A5229C1E5A200865532 /* Project object */ = {
			isa = PBXProject;
			attributes = {
				BuildIndependentTargetsInParallel = 1;
				LastSwiftUpdateCheck = 1420;
				LastUpgradeCheck = 1420;
				TargetAttributes = {
					D5A52A5929C1E5A200865532 = {
						CreatedOnToolsVersion = 14.2;
					};
				};
			};
			buildConfigurationList = D5A52A5529C1E5A200865532 /* Build configuration list for PBXProject "iosSampleApplication" */;
			compatibilityVersion = "Xcode 14.0";
			developmentRegion = en;
			hasScannedForEncodings = 0;
			knownRegions = (
				en,
				Base,
			);
			mainGroup = D5A52A5129C1E5A200865532;
			packageReferences = (
				D5A52A7429C1E61600865532 /* XCRemoteSwiftPackageReference "PrimisPlayer-ios" */,
			);
			productRefGroup = D5A52A5B29C1E5A200865532 /* Products */;
			projectDirPath = "";
			projectRoot = "";
			targets = (
				D5A52A5929C1E5A200865532 /* iosSampleApplication */,
			);
		};
/* End PBXProject section */

/* Begin PBXResourcesBuildPhase section */
		D5A52A5829C1E5A200865532 /* Resources */ = {
			isa = PBXResourcesBuildPhase;
			buildActionMask = 2147483647;
			files = (
				D5A52A8B29C35CA900865532 /* WebViewPageExample.html in Resources */,
				D5A52A6A29C1E5A300865532 /* LaunchScreen.storyboard in Resources */,
				D5A52A6729C1E5A300865532 /* Assets.xcassets in Resources */,
				D5A52A6529C1E5A200865532 /* Main.storyboard in Resources */,
			);
			runOnlyForDeploymentPostprocessing = 0;
		};
/* End PBXResourcesBuildPhase section */

/* Begin PBXSourcesBuildPhase section */
		D5A52A5629C1E5A200865532 /* Sources */ = {
			isa = PBXSourcesBuildPhase;
			buildActionMask = 2147483647;
			files = (
				D5A52A8129C3166200865532 /* PlayerTableViewCell.swift in Sources */,
				D5A52A7F29C315D900865532 /* TableViewSampleViewController.swift in Sources */,
				D5A52A8F29C864C500865532 /* MainScreenViewController.swift in Sources */,
				D5A52A8329C344E100865532 /* WebViewSampleViewController.swift in Sources */,
				D5A52A5E29C1E5A200865532 /* AppDelegate.swift in Sources */,
				D5A52A6029C1E5A200865532 /* SceneDelegate.swift in Sources */,
				D5A52A7D29C312FD00865532 /* ScrollViewSampleViewController.swift in Sources */,
			);
			runOnlyForDeploymentPostprocessing = 0;
		};
/* End PBXSourcesBuildPhase section */

/* Begin PBXVariantGroup section */
		D5A52A6329C1E5A200865532 /* Main.storyboard */ = {
			isa = PBXVariantGroup;
			children = (
				D5A52A6429C1E5A200865532 /* Base */,
			);
			name = Main.storyboard;
			sourceTree = "<group>";
		};
		D5A52A6829C1E5A300865532 /* LaunchScreen.storyboard */ = {
			isa = PBXVariantGroup;
			children = (
				D5A52A6929C1E5A300865532 /* Base */,
			);
			name = LaunchScreen.storyboard;
			sourceTree = "<group>";
		};
/* End PBXVariantGroup section */

/* Begin XCBuildConfiguration section */
		D5A52A6C29C1E5A300865532 /* Debug */ = {
			isa = XCBuildConfiguration;
			buildSettings = {
				ALWAYS_SEARCH_USER_PATHS = NO;
				CLANG_ANALYZER_NONNULL = YES;
				CLANG_ANALYZER_NUMBER_OBJECT_CONVERSION = YES_AGGRESSIVE;
				CLANG_CXX_LANGUAGE_STANDARD = "gnu++20";
				CLANG_ENABLE_MODULES = YES;
				CLANG_ENABLE_OBJC_ARC = YES;
				CLANG_ENABLE_OBJC_WEAK = YES;
				CLANG_WARN_BLOCK_CAPTURE_AUTORELEASING = YES;
				CLANG_WARN_BOOL_CONVERSION = YES;
				CLANG_WARN_COMMA = YES;
				CLANG_WARN_CONSTANT_CONVERSION = YES;
				CLANG_WARN_DEPRECATED_OBJC_IMPLEMENTATIONS = YES;
				CLANG_WARN_DIRECT_OBJC_ISA_USAGE = YES_ERROR;
				CLANG_WARN_DOCUMENTATION_COMMENTS = YES;
				CLANG_WARN_EMPTY_BODY = YES;
				CLANG_WARN_ENUM_CONVERSION = YES;
				CLANG_WARN_INFINITE_RECURSION = YES;
				CLANG_WARN_INT_CONVERSION = YES;
				CLANG_WARN_NON_LITERAL_NULL_CONVERSION = YES;
				CLANG_WARN_OBJC_IMPLICIT_RETAIN_SELF = YES;
				CLANG_WARN_OBJC_LITERAL_CONVERSION = YES;
				CLANG_WARN_OBJC_ROOT_CLASS = YES_ERROR;
				CLANG_WARN_QUOTED_INCLUDE_IN_FRAMEWORK_HEADER = YES;
				CLANG_WARN_RANGE_LOOP_ANALYSIS = YES;
				CLANG_WARN_STRICT_PROTOTYPES = YES;
				CLANG_WARN_SUSPICIOUS_MOVE = YES;
				CLANG_WARN_UNGUARDED_AVAILABILITY = YES_AGGRESSIVE;
				CLANG_WARN_UNREACHABLE_CODE = YES;
				CLANG_WARN__DUPLICATE_METHOD_MATCH = YES;
				COPY_PHASE_STRIP = NO;
				DEBUG_INFORMATION_FORMAT = dwarf;
				ENABLE_STRICT_OBJC_MSGSEND = YES;
				ENABLE_TESTABILITY = YES;
				GCC_C_LANGUAGE_STANDARD = gnu11;
				GCC_DYNAMIC_NO_PIC = NO;
				GCC_NO_COMMON_BLOCKS = YES;
				GCC_OPTIMIZATION_LEVEL = 0;
				GCC_PREPROCESSOR_DEFINITIONS = (
					"DEBUG=1",
					"$(inherited)",
				);
				GCC_WARN_64_TO_32_BIT_CONVERSION = YES;
				GCC_WARN_ABOUT_RETURN_TYPE = YES_ERROR;
				GCC_WARN_UNDECLARED_SELECTOR = YES;
				GCC_WARN_UNINITIALIZED_AUTOS = YES_AGGRESSIVE;
				GCC_WARN_UNUSED_FUNCTION = YES;
				GCC_WARN_UNUSED_VARIABLE = YES;
				IPHONEOS_DEPLOYMENT_TARGET = 16.2;
				MTL_ENABLE_DEBUG_INFO = INCLUDE_SOURCE;
				MTL_FAST_MATH = YES;
				ONLY_ACTIVE_ARCH = YES;
				OTHER_LDFLAGS = (
					"$(OTHER_LDFLAGS)",
					"-ObjC",
				);
				SDKROOT = iphoneos;
				SWIFT_ACTIVE_COMPILATION_CONDITIONS = DEBUG;
				SWIFT_OPTIMIZATION_LEVEL = "-Onone";
			};
			name = Debug;
		};
		D5A52A6D29C1E5A300865532 /* Release */ = {
			isa = XCBuildConfiguration;
			buildSettings = {
				ALWAYS_SEARCH_USER_PATHS = NO;
				CLANG_ANALYZER_NONNULL = YES;
				CLANG_ANALYZER_NUMBER_OBJECT_CONVERSION = YES_AGGRESSIVE;
				CLANG_CXX_LANGUAGE_STANDARD = "gnu++20";
				CLANG_ENABLE_MODULES = YES;
				CLANG_ENABLE_OBJC_ARC = YES;
				CLANG_ENABLE_OBJC_WEAK = YES;
				CLANG_WARN_BLOCK_CAPTURE_AUTORELEASING = YES;
				CLANG_WARN_BOOL_CONVERSION = YES;
				CLANG_WARN_COMMA = YES;
				CLANG_WARN_CONSTANT_CONVERSION = YES;
				CLANG_WARN_DEPRECATED_OBJC_IMPLEMENTATIONS = YES;
				CLANG_WARN_DIRECT_OBJC_ISA_USAGE = YES_ERROR;
				CLANG_WARN_DOCUMENTATION_COMMENTS = YES;
				CLANG_WARN_EMPTY_BODY = YES;
				CLANG_WARN_ENUM_CONVERSION = YES;
				CLANG_WARN_INFINITE_RECURSION = YES;
				CLANG_WARN_INT_CONVERSION = YES;
				CLANG_WARN_NON_LITERAL_NULL_CONVERSION = YES;
				CLANG_WARN_OBJC_IMPLICIT_RETAIN_SELF = YES;
				CLANG_WARN_OBJC_LITERAL_CONVERSION = YES;
				CLANG_WARN_OBJC_ROOT_CLASS = YES_ERROR;
				CLANG_WARN_QUOTED_INCLUDE_IN_FRAMEWORK_HEADER = YES;
				CLANG_WARN_RANGE_LOOP_ANALYSIS = YES;
				CLANG_WARN_STRICT_PROTOTYPES = YES;
				CLANG_WARN_SUSPICIOUS_MOVE = YES;
				CLANG_WARN_UNGUARDED_AVAILABILITY = YES_AGGRESSIVE;
				CLANG_WARN_UNREACHABLE_CODE = YES;
				CLANG_WARN__DUPLICATE_METHOD_MATCH = YES;
				COPY_PHASE_STRIP = NO;
				DEBUG_INFORMATION_FORMAT = "dwarf-with-dsym";
				ENABLE_NS_ASSERTIONS = NO;
				ENABLE_STRICT_OBJC_MSGSEND = YES;
				GCC_C_LANGUAGE_STANDARD = gnu11;
				GCC_NO_COMMON_BLOCKS = YES;
				GCC_WARN_64_TO_32_BIT_CONVERSION = YES;
				GCC_WARN_ABOUT_RETURN_TYPE = YES_ERROR;
				GCC_WARN_UNDECLARED_SELECTOR = YES;
				GCC_WARN_UNINITIALIZED_AUTOS = YES_AGGRESSIVE;
				GCC_WARN_UNUSED_FUNCTION = YES;
				GCC_WARN_UNUSED_VARIABLE = YES;
				IPHONEOS_DEPLOYMENT_TARGET = 16.2;
				MTL_ENABLE_DEBUG_INFO = NO;
				MTL_FAST_MATH = YES;
				OTHER_LDFLAGS = (
					"$(OTHER_LDFLAGS)",
					"-ObjC",
				);
				SDKROOT = iphoneos;
				SWIFT_COMPILATION_MODE = wholemodule;
				SWIFT_OPTIMIZATION_LEVEL = "-O";
				VALIDATE_PRODUCT = YES;
			};
			name = Release;
		};
		D5A52A6F29C1E5A300865532 /* Debug */ = {
			isa = XCBuildConfiguration;
			buildSettings = {
				ASSETCATALOG_COMPILER_APPICON_NAME = AppIcon;
				ASSETCATALOG_COMPILER_GLOBAL_ACCENT_COLOR_NAME = AccentColor;
				CODE_SIGN_STYLE = Automatic;
				CURRENT_PROJECT_VERSION = 1;
				GENERATE_INFOPLIST_FILE = YES;
				INFOPLIST_FILE = iosSampleApplication/Info.plist;
				INFOPLIST_KEY_CFBundleDisplayName = "Primis Sample";
				INFOPLIST_KEY_UIApplicationSupportsIndirectInputEvents = YES;
				INFOPLIST_KEY_UILaunchStoryboardName = LaunchScreen;
				INFOPLIST_KEY_UIMainStoryboardFile = Main;
				INFOPLIST_KEY_UISupportedInterfaceOrientations_iPad = "UIInterfaceOrientationPortrait UIInterfaceOrientationPortraitUpsideDown UIInterfaceOrientationLandscapeLeft UIInterfaceOrientationLandscapeRight";
				INFOPLIST_KEY_UISupportedInterfaceOrientations_iPhone = "UIInterfaceOrientationPortrait UIInterfaceOrientationLandscapeLeft UIInterfaceOrientationLandscapeRight";
				LD_RUNPATH_SEARCH_PATHS = (
					"$(inherited)",
					"@executable_path/Frameworks",
				);
				MARKETING_VERSION = 1.0;
				PRODUCT_BUNDLE_IDENTIFIER = tech.primis.iosSampleApplication;
				PRODUCT_NAME = "$(TARGET_NAME)";
				SWIFT_EMIT_LOC_STRINGS = YES;
				SWIFT_VERSION = 5.0;
				TARGETED_DEVICE_FAMILY = "1,2";
			};
			name = Debug;
		};
		D5A52A7029C1E5A300865532 /* Release */ = {
			isa = XCBuildConfiguration;
			buildSettings = {
				ASSETCATALOG_COMPILER_APPICON_NAME = AppIcon;
				ASSETCATALOG_COMPILER_GLOBAL_ACCENT_COLOR_NAME = AccentColor;
				CODE_SIGN_STYLE = Automatic;
				CURRENT_PROJECT_VERSION = 1;
				GENERATE_INFOPLIST_FILE = YES;
				INFOPLIST_FILE = iosSampleApplication/Info.plist;
				INFOPLIST_KEY_CFBundleDisplayName = "Primis Sample";
				INFOPLIST_KEY_UIApplicationSupportsIndirectInputEvents = YES;
				INFOPLIST_KEY_UILaunchStoryboardName = LaunchScreen;
				INFOPLIST_KEY_UIMainStoryboardFile = Main;
				INFOPLIST_KEY_UISupportedInterfaceOrientations_iPad = "UIInterfaceOrientationPortrait UIInterfaceOrientationPortraitUpsideDown UIInterfaceOrientationLandscapeLeft UIInterfaceOrientationLandscapeRight";
				INFOPLIST_KEY_UISupportedInterfaceOrientations_iPhone = "UIInterfaceOrientationPortrait UIInterfaceOrientationLandscapeLeft UIInterfaceOrientationLandscapeRight";
				LD_RUNPATH_SEARCH_PATHS = (
					"$(inherited)",
					"@executable_path/Frameworks",
				);
				MARKETING_VERSION = 1.0;
				PRODUCT_BUNDLE_IDENTIFIER = tech.primis.iosSampleApplication;
				PRODUCT_NAME = "$(TARGET_NAME)";
				SWIFT_EMIT_LOC_STRINGS = YES;
				SWIFT_VERSION = 5.0;
				TARGETED_DEVICE_FAMILY = "1,2";
			};
			name = Release;
		};
/* End XCBuildConfiguration section */

/* Begin XCConfigurationList section */
		D5A52A5529C1E5A200865532 /* Build configuration list for PBXProject "iosSampleApplication" */ = {
			isa = XCConfigurationList;
			buildConfigurations = (
				D5A52A6C29C1E5A300865532 /* Debug */,
				D5A52A6D29C1E5A300865532 /* Release */,
			);
			defaultConfigurationIsVisible = 0;
			defaultConfigurationName = Release;
		};
		D5A52A6E29C1E5A300865532 /* Build configuration list for PBXNativeTarget "iosSampleApplication" */ = {
			isa = XCConfigurationList;
			buildConfigurations = (
				D5A52A6F29C1E5A300865532 /* Debug */,
				D5A52A7029C1E5A300865532 /* Release */,
			);
			defaultConfigurationIsVisible = 0;
			defaultConfigurationName = Release;
		};
/* End XCConfigurationList section */

/* Begin XCRemoteSwiftPackageReference section */
		D5A52A7429C1E61600865532 /* XCRemoteSwiftPackageReference "PrimisPlayer-ios" */ = {
			isa = XCRemoteSwiftPackageReference;
			repositoryURL = "https://github.com/PrimisTech/PrimisPlayer-ios.git";
			requirement = {
				branch = main;
				kind = branch;
			};
		};
/* End XCRemoteSwiftPackageReference section */

/* Begin XCSwiftPackageProductDependency section */
		D5A52A7529C1E61600865532 /* PrimisPlayer */ = {
			isa = XCSwiftPackageProductDependency;
			package = D5A52A7429C1E61600865532 /* XCRemoteSwiftPackageReference "PrimisPlayer-ios" */;
			productName = PrimisPlayer;
		};
/* End XCSwiftPackageProductDependency section */
	};
	rootObject = D5A52A5229C1E5A200865532 /* Project object */;
}
